// !$*UTF8*$!
{
	archiveVersion = 1;
	classes = {
	};
	objectVersion = 48;
	objects = {

/* Begin PBXBuildFile section */
		150E8AC21FF92C6C009BB4ED /* Main.storyboard in Resources */ = {isa = PBXBuildFile; fileRef = 150E8AC01FF92C6C009BB4ED /* Main.storyboard */; };
		150E8AD51FF933F4009BB4ED /* Abaranger.jpg in Resources */ = {isa = PBXBuildFile; fileRef = 150E8AC61FF933F3009BB4ED /* Abaranger.jpg */; };
		150E8AD61FF933F4009BB4ED /* appIcon.png in Resources */ = {isa = PBXBuildFile; fileRef = 150E8AC71FF933F3009BB4ED /* appIcon.png */; };
		150E8AD71FF933F4009BB4ED /* Boukenger.jpg in Resources */ = {isa = PBXBuildFile; fileRef = 150E8AC81FF933F3009BB4ED /* Boukenger.jpg */; };
		150E8AD81FF933F4009BB4ED /* Dekaranger.jpg in Resources */ = {isa = PBXBuildFile; fileRef = 150E8AC91FF933F3009BB4ED /* Dekaranger.jpg */; };
		150E8AD91FF933F4009BB4ED /* Gaoranger.jpg in Resources */ = {isa = PBXBuildFile; fileRef = 150E8ACA1FF933F3009BB4ED /* Gaoranger.jpg */; };
		150E8ADA1FF933F4009BB4ED /* Gekiranger.jpg in Resources */ = {isa = PBXBuildFile; fileRef = 150E8ACB1FF933F3009BB4ED /* Gekiranger.jpg */; };
		150E8ADB1FF933F4009BB4ED /* Go-Busters.jpg in Resources */ = {isa = PBXBuildFile; fileRef = 150E8ACC1FF933F3009BB4ED /* Go-Busters.jpg */; };
		150E8ADC1FF933F4009BB4ED /* Go-onger.jpg in Resources */ = {isa = PBXBuildFile; fileRef = 150E8ACD1FF933F3009BB4ED /* Go-onger.jpg */; };
		150E8ADD1FF933F4009BB4ED /* Gokaiger.jpg in Resources */ = {isa = PBXBuildFile; fileRef = 150E8ACE1FF933F3009BB4ED /* Gokaiger.jpg */; };
		150E8ADE1FF933F4009BB4ED /* Goseiger.jpg in Resources */ = {isa = PBXBuildFile; fileRef = 150E8ACF1FF933F3009BB4ED /* Goseiger.jpg */; };
		150E8ADF1FF933F4009BB4ED /* Hurricaneger.jpg in Resources */ = {isa = PBXBuildFile; fileRef = 150E8AD01FF933F3009BB4ED /* Hurricaneger.jpg */; };
		150E8AE01FF933F4009BB4ED /* Kyoryuger.jpg in Resources */ = {isa = PBXBuildFile; fileRef = 150E8AD11FF933F3009BB4ED /* Kyoryuger.jpg */; };
		150E8AE11FF933F4009BB4ED /* launchBackground.jpg in Resources */ = {isa = PBXBuildFile; fileRef = 150E8AD21FF933F3009BB4ED /* launchBackground.jpg */; };
		150E8AE21FF933F4009BB4ED /* Magiranger.jpg in Resources */ = {isa = PBXBuildFile; fileRef = 150E8AD31FF933F3009BB4ED /* Magiranger.jpg */; };
		150E8AE31FF933F4009BB4ED /* Shinkenger.jpg in Resources */ = {isa = PBXBuildFile; fileRef = 150E8AD41FF933F3009BB4ED /* Shinkenger.jpg */; };
		15ACD1921FF7883C00339089 /* AppDelegate.swift in Sources */ = {isa = PBXBuildFile; fileRef = 15ACD1911FF7883C00339089 /* AppDelegate.swift */; };
		15ACD1941FF7883C00339089 /* ViewController.swift in Sources */ = {isa = PBXBuildFile; fileRef = 15ACD1931FF7883C00339089 /* ViewController.swift */; };
		15ACD1991FF7883C00339089 /* Assets.xcassets in Resources */ = {isa = PBXBuildFile; fileRef = 15ACD1981FF7883C00339089 /* Assets.xcassets */; };
		15ACD1A71FF7950E00339089 /* TableViewController.swift in Sources */ = {isa = PBXBuildFile; fileRef = 15ACD1A61FF7950D00339089 /* TableViewController.swift */; };
		15ACD1A91FF7955C00339089 /* RangersBrain.swift in Sources */ = {isa = PBXBuildFile; fileRef = 15ACD1A81FF7955C00339089 /* RangersBrain.swift */; };
		15ACD1AD1FF79B1C00339089 /* LaunchScreen.xib in Resources */ = {isa = PBXBuildFile; fileRef = 15ACD1AC1FF79B1C00339089 /* LaunchScreen.xib */; };
/* End PBXBuildFile section */

/* Begin PBXFileReference section */
		150E8AC11FF92C6C009BB4ED /* Base */ = {isa = PBXFileReference; lastKnownFileType = file.storyboard; name = Base; path = Base.lproj/Main.storyboard; sourceTree = "<group>"; };
		150E8AC61FF933F3009BB4ED /* Abaranger.jpg */ = {isa = PBXFileReference; lastKnownFileType = image.jpeg; path = Abaranger.jpg; sourceTree = "<group>"; };
		150E8AC71FF933F3009BB4ED /* appIcon.png */ = {isa = PBXFileReference; lastKnownFileType = image.png; path = appIcon.png; sourceTree = "<group>"; };
		150E8AC81FF933F3009BB4ED /* Boukenger.jpg */ = {isa = PBXFileReference; lastKnownFileType = image.jpeg; path = Boukenger.jpg; sourceTree = "<group>"; };
		150E8AC91FF933F3009BB4ED /* Dekaranger.jpg */ = {isa = PBXFileReference; lastKnownFileType = image.jpeg; path = Dekaranger.jpg; sourceTree = "<group>"; };
		150E8ACA1FF933F3009BB4ED /* Gaoranger.jpg */ = {isa = PBXFileReference; lastKnownFileType = image.jpeg; path = Gaoranger.jpg; sourceTree = "<group>"; };
		150E8ACB1FF933F3009BB4ED /* Gekiranger.jpg */ = {isa = PBXFileReference; lastKnownFileType = image.jpeg; path = Gekiranger.jpg; sourceTree = "<group>"; };
		150E8ACC1FF933F3009BB4ED /* Go-Busters.jpg */ = {isa = PBXFileReference; lastKnownFileType = image.jpeg; path = "Go-Busters.jpg"; sourceTree = "<group>"; };
		150E8ACD1FF933F3009BB4ED /* Go-onger.jpg */ = {isa = PBXFileReference; lastKnownFileType = image.jpeg; path = "Go-onger.jpg"; sourceTree = "<group>"; };
		150E8ACE1FF933F3009BB4ED /* Gokaiger.jpg */ = {isa = PBXFileReference; lastKnownFileType = image.jpeg; path = Gokaiger.jpg; sourceTree = "<group>"; };
		150E8ACF1FF933F3009BB4ED /* Goseiger.jpg */ = {isa = PBXFileReference; lastKnownFileType = image.jpeg; path = Goseiger.jpg; sourceTree = "<group>"; };
		150E8AD01FF933F3009BB4ED /* Hurricaneger.jpg */ = {isa = PBXFileReference; lastKnownFileType = image.jpeg; path = Hurricaneger.jpg; sourceTree = "<group>"; };
		150E8AD11FF933F3009BB4ED /* Kyoryuger.jpg */ = {isa = PBXFileReference; lastKnownFileType = image.jpeg; path = Kyoryuger.jpg; sourceTree = "<group>"; };
		150E8AD21FF933F3009BB4ED /* launchBackground.jpg */ = {isa = PBXFileReference; lastKnownFileType = image.jpeg; path = launchBackground.jpg; sourceTree = "<group>"; };
		150E8AD31FF933F3009BB4ED /* Magiranger.jpg */ = {isa = PBXFileReference; lastKnownFileType = image.jpeg; path = Magiranger.jpg; sourceTree = "<group>"; };
		150E8AD41FF933F3009BB4ED /* Shinkenger.jpg */ = {isa = PBXFileReference; lastKnownFileType = image.jpeg; path = Shinkenger.jpg; sourceTree = "<group>"; };
		15ACD18E1FF7883C00339089 /* FinalProject.app */ = {isa = PBXFileReference; explicitFileType = wrapper.application; includeInIndex = 0; path = FinalProject.app; sourceTree = BUILT_PRODUCTS_DIR; };
		15ACD1911FF7883C00339089 /* AppDelegate.swift */ = {isa = PBXFileReference; lastKnownFileType = sourcecode.swift; path = AppDelegate.swift; sourceTree = "<group>"; };
		15ACD1931FF7883C00339089 /* ViewController.swift */ = {isa = PBXFileReference; lastKnownFileType = sourcecode.swift; path = ViewController.swift; sourceTree = "<group>"; };
		15ACD1981FF7883C00339089 /* Assets.xcassets */ = {isa = PBXFileReference; lastKnownFileType = folder.assetcatalog; path = Assets.xcassets; sourceTree = "<group>"; };
		15ACD19D1FF7883C00339089 /* Info.plist */ = {isa = PBXFileReference; lastKnownFileType = text.plist.xml; path = Info.plist; sourceTree = "<group>"; };
		15ACD1A61FF7950D00339089 /* TableViewController.swift */ = {isa = PBXFileReference; lastKnownFileType = sourcecode.swift; path = TableViewController.swift; sourceTree = "<group>"; };
		15ACD1A81FF7955C00339089 /* RangersBrain.swift */ = {isa = PBXFileReference; lastKnownFileType = sourcecode.swift; path = RangersBrain.swift; sourceTree = "<group>"; };
		15ACD1AC1FF79B1C00339089 /* LaunchScreen.xib */ = {isa = PBXFileReference; lastKnownFileType = file.xib; path = LaunchScreen.xib; sourceTree = "<group>"; };
/* End PBXFileReference section */

/* Begin PBXFrameworksBuildPhase section */
		15ACD18B1FF7883B00339089 /* Frameworks */ = {
			isa = PBXFrameworksBuildPhase;
			buildActionMask = 2147483647;
			files = (
			);
			runOnlyForDeploymentPostprocessing = 0;
		};
/* End PBXFrameworksBuildPhase section */

/* Begin PBXGroup section */
		150E8AC51FF933F3009BB4ED /* img */ = {
			isa = PBXGroup;
			children = (
				150E8AC61FF933F3009BB4ED /* Abaranger.jpg */,
				150E8AC71FF933F3009BB4ED /* appIcon.png */,
				150E8AC81FF933F3009BB4ED /* Boukenger.jpg */,
				150E8AC91FF933F3009BB4ED /* Dekaranger.jpg */,
				150E8ACA1FF933F3009BB4ED /* Gaoranger.jpg */,
				150E8ACB1FF933F3009BB4ED /* Gekiranger.jpg */,
				150E8ACC1FF933F3009BB4ED /* Go-Busters.jpg */,
				150E8ACD1FF933F3009BB4ED /* Go-onger.jpg */,
				150E8ACE1FF933F3009BB4ED /* Gokaiger.jpg */,
				150E8ACF1FF933F3009BB4ED /* Goseiger.jpg */,
				150E8AD01FF933F3009BB4ED /* Hurricaneger.jpg */,
				150E8AD11FF933F3009BB4ED /* Kyoryuger.jpg */,
				150E8AD21FF933F3009BB4ED /* launchBackground.jpg */,
				150E8AD31FF933F3009BB4ED /* Magiranger.jpg */,
				150E8AD41FF933F3009BB4ED /* Shinkenger.jpg */,
			);
			path = img;
			sourceTree = "<group>";
		};
		15ACD1851FF7883B00339089 = {
			isa = PBXGroup;
			children = (
				15ACD1901FF7883C00339089 /* FinalProject */,
				15ACD18F1FF7883C00339089 /* Products */,
			);
			sourceTree = "<group>";
		};
		15ACD18F1FF7883C00339089 /* Products */ = {
			isa = PBXGroup;
			children = (
				15ACD18E1FF7883C00339089 /* FinalProject.app */,
			);
			name = Products;
			sourceTree = "<group>";
		};
		15ACD1901FF7883C00339089 /* FinalProject */ = {
			isa = PBXGroup;
			children = (
				150E8AC51FF933F3009BB4ED /* img */,
				15ACD1911FF7883C00339089 /* AppDelegate.swift */,
				15ACD1A61FF7950D00339089 /* TableViewController.swift */,
				15ACD1931FF7883C00339089 /* ViewController.swift */,
				15ACD1A81FF7955C00339089 /* RangersBrain.swift */,
				150E8AC01FF92C6C009BB4ED /* Main.storyboard */,
				15ACD1981FF7883C00339089 /* Assets.xcassets */,
				15ACD19D1FF7883C00339089 /* Info.plist */,
				15ACD1AC1FF79B1C00339089 /* LaunchScreen.xib */,
			);
			path = FinalProject;
			sourceTree = "<group>";
		};
/* End PBXGroup section */

/* Begin PBXNativeTarget section */
		15ACD18D1FF7883B00339089 /* FinalProject */ = {
			isa = PBXNativeTarget;
			buildConfigurationList = 15ACD1A01FF7883C00339089 /* Build configuration list for PBXNativeTarget "FinalProject" */;
			buildPhases = (
				15ACD18A1FF7883B00339089 /* Sources */,
				15ACD18B1FF7883B00339089 /* Frameworks */,
				15ACD18C1FF7883B00339089 /* Resources */,
			);
			buildRules = (
			);
			dependencies = (
			);
			name = FinalProject;
			productName = FinalProject;
			productReference = 15ACD18E1FF7883C00339089 /* FinalProject.app */;
			productType = "com.apple.product-type.application";
		};
/* End PBXNativeTarget section */

/* Begin PBXProject section */
		15ACD1861FF7883B00339089 /* Project object */ = {
			isa = PBXProject;
			attributes = {
				LastSwiftUpdateCheck = 0920;
				LastUpgradeCheck = 0920;
				ORGANIZATIONNAME = EPITA;
				TargetAttributes = {
					15ACD18D1FF7883B00339089 = {
						CreatedOnToolsVersion = 9.2;
						ProvisioningStyle = Automatic;
					};
				};
			};
			buildConfigurationList = 15ACD1891FF7883B00339089 /* Build configuration list for PBXProject "FinalProject" */;
			compatibilityVersion = "Xcode 8.0";
			developmentRegion = en;
			hasScannedForEncodings = 0;
			knownRegions = (
				en,
				Base,
			);
			mainGroup = 15ACD1851FF7883B00339089;
			productRefGroup = 15ACD18F1FF7883C00339089 /* Products */;
			projectDirPath = "";
			projectRoot = "";
			targets = (
				15ACD18D1FF7883B00339089 /* FinalProject */,
			);
		};
/* End PBXProject section */

/* Begin PBXResourcesBuildPhase section */
		15ACD18C1FF7883B00339089 /* Resources */ = {
			isa = PBXResourcesBuildPhase;
			buildActionMask = 2147483647;
			files = (
				15ACD1AD1FF79B1C00339089 /* LaunchScreen.xib in Resources */,
				150E8AE31FF933F4009BB4ED /* Shinkenger.jpg in Resources */,
				15ACD1991FF7883C00339089 /* Assets.xcassets in Resources */,
				150E8AD91FF933F4009BB4ED /* Gaoranger.jpg in Resources */,
				150E8AD71FF933F4009BB4ED /* Boukenger.jpg in Resources */,
				150E8AC21FF92C6C009BB4ED /* Main.storyboard in Resources */,
				150E8AE01FF933F4009BB4ED /* Kyoryuger.jpg in Resources */,
				150E8AD51FF933F4009BB4ED /* Abaranger.jpg in Resources */,
				150E8ADF1FF933F4009BB4ED /* Hurricaneger.jpg in Resources */,
				150E8ADB1FF933F4009BB4ED /* Go-Busters.jpg in Resources */,
				150E8AD61FF933F4009BB4ED /* appIcon.png in Resources */,
				150E8ADD1FF933F4009BB4ED /* Gokaiger.jpg in Resources */,
				150E8ADE1FF933F4009BB4ED /* Goseiger.jpg in Resources */,
				150E8AD81FF933F4009BB4ED /* Dekaranger.jpg in Resources */,
				150E8ADC1FF933F4009BB4ED /* Go-onger.jpg in Resources */,
				150E8AE11FF933F4009BB4ED /* launchBackground.jpg in Resources */,
				150E8AE21FF933F4009BB4ED /* Magiranger.jpg in Resources */,
				150E8ADA1FF933F4009BB4ED /* Gekiranger.jpg in Resources */,
			);
			runOnlyForDeploymentPostprocessing = 0;
		};
/* End PBXResourcesBuildPhase section */

/* Begin PBXSourcesBuildPhase section */
		15ACD18A1FF7883B00339089 /* Sources */ = {
			isa = PBXSourcesBuildPhase;
			buildActionMask = 2147483647;
			files = (
				15ACD1941FF7883C00339089 /* ViewController.swift in Sources */,
				15ACD1A71FF7950E00339089 /* TableViewController.swift in Sources */,
				15ACD1921FF7883C00339089 /* AppDelegate.swift in Sources */,
				15ACD1A91FF7955C00339089 /* RangersBrain.swift in Sources */,
			);
			runOnlyForDeploymentPostprocessing = 0;
		};
/* End PBXSourcesBuildPhase section */

/* Begin PBXVariantGroup section */
		150E8AC01FF92C6C009BB4ED /* Main.storyboard */ = {
			isa = PBXVariantGroup;
			children = (
				150E8AC11FF92C6C009BB4ED /* Base */,
			);
			name = Main.storyboard;
			sourceTree = "<group>";
		};
/* End PBXVariantGroup section */

/* Begin XCBuildConfiguration section */
		15ACD19E1FF7883C00339089 /* Debug */ = {
			isa = XCBuildConfiguration;
			buildSettings = {
				ALWAYS_SEARCH_USER_PATHS = NO;
				CLANG_ANALYZER_NONNULL = YES;
				CLANG_ANALYZER_NUMBER_OBJECT_CONVERSION = YES_AGGRESSIVE;
				CLANG_CXX_LANGUAGE_STANDARD = "gnu++14";
				CLANG_CXX_LIBRARY = "libc++";
				CLANG_ENABLE_MODULES = YES;
				CLANG_ENABLE_OBJC_ARC = YES;
				CLANG_WARN_BLOCK_CAPTURE_AUTORELEASING = YES;
				CLANG_WARN_BOOL_CONVERSION = YES;
				CLANG_WARN_COMMA = YES;
				CLANG_WARN_CONSTANT_CONVERSION = YES;
				CLANG_WARN_DIRECT_OBJC_ISA_USAGE = YES_ERROR;
				CLANG_WARN_DOCUMENTATION_COMMENTS = YES;
				CLANG_WARN_EMPTY_BODY = YES;
				CLANG_WARN_ENUM_CONVERSION = YES;
				CLANG_WARN_INFINITE_RECURSION = YES;
				CLANG_WARN_INT_CONVERSION = YES;
				CLANG_WARN_NON_LITERAL_NULL_CONVERSION = YES;
				CLANG_WARN_OBJC_LITERAL_CONVERSION = YES;
				CLANG_WARN_OBJC_ROOT_CLASS = YES_ERROR;
				CLANG_WARN_RANGE_LOOP_ANALYSIS = YES;
				CLANG_WARN_STRICT_PROTOTYPES = YES;
				CLANG_WARN_SUSPICIOUS_MOVE = YES;
				CLANG_WARN_UNGUARDED_AVAILABILITY = YES_AGGRESSIVE;
				CLANG_WARN_UNREACHABLE_CODE = YES;
				CLANG_WARN__DUPLICATE_METHOD_MATCH = YES;
				CODE_SIGN_IDENTITY = "iPhone Developer";
				COPY_PHASE_STRIP = NO;
				DEBUG_INFORMATION_FORMAT = dwarf;
				ENABLE_STRICT_OBJC_MSGSEND = YES;
				ENABLE_TESTABILITY = YES;
				GCC_C_LANGUAGE_STANDARD = gnu11;
				GCC_DYNAMIC_NO_PIC = NO;
				GCC_NO_COMMON_BLOCKS = YES;
				GCC_OPTIMIZATION_LEVEL = 0;
				GCC_PREPROCESSOR_DEFINITIONS = (
					"DEBUG=1",
					"$(inherited)",
				);
				GCC_WARN_64_TO_32_BIT_CONVERSION = YES;
				GCC_WARN_ABOUT_RETURN_TYPE = YES_ERROR;
				GCC_WARN_UNDECLARED_SELECTOR = YES;
				GCC_WARN_UNINITIALIZED_AUTOS = YES_AGGRESSIVE;
				GCC_WARN_UNUSED_FUNCTION = YES;
				GCC_WARN_UNUSED_VARIABLE = YES;
				IPHONEOS_DEPLOYMENT_TARGET = 11.2;
				MTL_ENABLE_DEBUG_INFO = YES;
				ONLY_ACTIVE_ARCH = YES;
				SDKROOT = iphoneos;
				SWIFT_ACTIVE_COMPILATION_CONDITIONS = DEBUG;
				SWIFT_OPTIMIZATION_LEVEL = "-Onone";
			};
			name = Debug;
		};
		15ACD19F1FF7883C00339089 /* Release */ = {
			isa = XCBuildConfiguration;
			buildSettings = {
				ALWAYS_SEARCH_USER_PATHS = NO;
				CLANG_ANALYZER_NONNULL = YES;
				CLANG_ANALYZER_NUMBER_OBJECT_CONVERSION = YES_AGGRESSIVE;
				CLANG_CXX_LANGUAGE_STANDARD = "gnu++14";
				CLANG_CXX_LIBRARY = "libc++";
				CLANG_ENABLE_MODULES = YES;
				CLANG_ENABLE_OBJC_ARC = YES;
				CLANG_WARN_BLOCK_CAPTURE_AUTORELEASING = YES;
				CLANG_WARN_BOOL_CONVERSION = YES;
				CLANG_WARN_COMMA = YES;
				CLANG_WARN_CONSTANT_CONVERSION = YES;
				CLANG_WARN_DIRECT_OBJC_ISA_USAGE = YES_ERROR;
				CLANG_WARN_DOCUMENTATION_COMMENTS = YES;
				CLANG_WARN_EMPTY_BODY = YES;
				CLANG_WARN_ENUM_CONVERSION = YES;
				CLANG_WARN_INFINITE_RECURSION = YES;
				CLANG_WARN_INT_CONVERSION = YES;
				CLANG_WARN_NON_LITERAL_NULL_CONVERSION = YES;
				CLANG_WARN_OBJC_LITERAL_CONVERSION = YES;
				CLANG_WARN_OBJC_ROOT_CLASS = YES_ERROR;
				CLANG_WARN_RANGE_LOOP_ANALYSIS = YES;
				CLANG_WARN_STRICT_PROTOTYPES = YES;
				CLANG_WARN_SUSPICIOUS_MOVE = YES;
				CLANG_WARN_UNGUARDED_AVAILABILITY = YES_AGGRESSIVE;
				CLANG_WARN_UNREACHABLE_CODE = YES;
				CLANG_WARN__DUPLICATE_METHOD_MATCH = YES;
				CODE_SIGN_IDENTITY = "iPhone Developer";
				COPY_PHASE_STRIP = NO;
				DEBUG_INFORMATION_FORMAT = "dwarf-with-dsym";
				ENABLE_NS_ASSERTIONS = NO;
				ENABLE_STRICT_OBJC_MSGSEND = YES;
				GCC_C_LANGUAGE_STANDARD = gnu11;
				GCC_NO_COMMON_BLOCKS = YES;
				GCC_WARN_64_TO_32_BIT_CONVERSION = YES;
				GCC_WARN_ABOUT_RETURN_TYPE = YES_ERROR;
				GCC_WARN_UNDECLARED_SELECTOR = YES;
				GCC_WARN_UNINITIALIZED_AUTOS = YES_AGGRESSIVE;
				GCC_WARN_UNUSED_FUNCTION = YES;
				GCC_WARN_UNUSED_VARIABLE = YES;
				IPHONEOS_DEPLOYMENT_TARGET = 11.2;
				MTL_ENABLE_DEBUG_INFO = NO;
				SDKROOT = iphoneos;
				SWIFT_OPTIMIZATION_LEVEL = "-Owholemodule";
				VALIDATE_PRODUCT = YES;
			};
			name = Release;
		};
		15ACD1A11FF7883C00339089 /* Debug */ = {
			isa = XCBuildConfiguration;
			buildSettings = {
				ASSETCATALOG_COMPILER_APPICON_NAME = AppIcon;
				CODE_SIGN_STYLE = Automatic;
				DEVELOPMENT_TEAM = 923LAVE97B;
				INFOPLIST_FILE = FinalProject/Info.plist;
				IPHONEOS_DEPLOYMENT_TARGET = 9.0;
				LD_RUNPATH_SEARCH_PATHS = "$(inherited) @executable_path/Frameworks";
				PRODUCT_BUNDLE_IDENTIFIER = fr.epita.ios.FinalProject;
				PRODUCT_NAME = "$(TARGET_NAME)";
				SWIFT_VERSION = 4.0;
				TARGETED_DEVICE_FAMILY = "1,2";
			};
			name = Debug;
		};
		15ACD1A21FF7883C00339089 /* Release */ = {
			isa = XCBuildConfiguration;
			buildSettings = {
				ASSETCATALOG_COMPILER_APPICON_NAME = AppIcon;
				CODE_SIGN_STYLE = Automatic;
				DEVELOPMENT_TEAM = 923LAVE97B;
				INFOPLIST_FILE = FinalProject/Info.plist;
				IPHONEOS_DEPLOYMENT_TARGET = 9.0;
				LD_RUNPATH_SEARCH_PATHS = "$(inherited) @executable_path/Frameworks";
				PRODUCT_BUNDLE_IDENTIFIER = fr.epita.ios.FinalProject;
				PRODUCT_NAME = "$(TARGET_NAME)";
				SWIFT_VERSION = 4.0;
				TARGETED_DEVICE_FAMILY = "1,2";
			};
			name = Release;
		};
/* End XCBuildConfiguration section */

/* Begin XCConfigurationList section */
		15ACD1891FF7883B00339089 /* Build configuration list for PBXProject "FinalProject" */ = {
			isa = XCConfigurationList;
			buildConfigurations = (
				15ACD19E1FF7883C00339089 /* Debug */,
				15ACD19F1FF7883C00339089 /* Release */,
			);
			defaultConfigurationIsVisible = 0;
			defaultConfigurationName = Release;
		};
		15ACD1A01FF7883C00339089 /* Build configuration list for PBXNativeTarget "FinalProject" */ = {
			isa = XCConfigurationList;
			buildConfigurations = (
				15ACD1A11FF7883C00339089 /* Debug */,
				15ACD1A21FF7883C00339089 /* Release */,
			);
			defaultConfigurationIsVisible = 0;
			defaultConfigurationName = Release;
		};
/* End XCConfigurationList section */
	};
	rootObject = 15ACD1861FF7883B00339089 /* Project object */;
}
